# This file is automatically @generated by Cargo.
# It is not intended for manual editing.
version = 3

[[package]]
name = "lemon-agent"
version = "0.0.0"

[[package]]
name = "lemon-graph"
version = "0.0.0"

[[package]]
name = "lemon-llm"
version = "0.0.0"

[[package]]
name = "lemon-memory"
version = "0.0.0"
